
Microsoft Visual Studio Solution File, Format Version 12.00
# Visual Studio Version 16
VisualStudioVersion = 16.0.810.25
MinimumVisualStudioVersion = 10.0.40219.1
Project("{FAE04EC0-301F-11D3-BF4B-00C04F79EFBC}") = "DesafioUno", "DesafioUno\DesafioUno.csproj", "{6ADB13AB-3D51-4A4B-BA38-A916E7097D6B}"
EndProject
Global
	GlobalSection(SolutionConfigurationPlatforms) = preSolution
		Debug|Any CPU = Debug|Any CPU
		Release|Any CPU = Release|Any CPU
	EndGlobalSection
	GlobalSection(ProjectConfigurationPlatforms) = postSolution
		{6ADB13AB-3D51-4A4B-BA38-A916E7097D6B}.Debug|Any CPU.ActiveCfg = Debug|Any CPU
		{6ADB13AB-3D51-4A4B-BA38-A916E7097D6B}.Debug|Any CPU.Build.0 = Debug|Any CPU
		{6ADB13AB-3D51-4A4B-BA38-A916E7097D6B}.Release|Any CPU.ActiveCfg = Release|Any CPU
		{6ADB13AB-3D51-4A4B-BA38-A916E7097D6B}.Release|Any CPU.Build.0 = Release|Any CPU
	EndGlobalSection
	GlobalSection(SolutionProperties) = preSolution
		HideSolutionNode = FALSE
	EndGlobalSection
	GlobalSection(ExtensibilityGlobals) = postSolution
		SolutionGuid = {855C5511-9215-4C1C-ACF9-C69FCF05BCDF}
	EndGlobalSection
EndGlobal
